
Microsoft Visual Studio Solution File, Format Version 12.00
# Visual Studio Version 16
VisualStudioVersion = 16.0.31205.134
MinimumVisualStudioVersion = 10.0.40219.1
Project("{FAE04EC0-301F-11D3-BF4B-00C04F79EFBC}") = "Deliverable1", "Deliverable1\Deliverable1.csproj", "{EE1C6EF6-E8EF-4CF5-8423-7F08D4E16D4A}"
EndProject
Global
	GlobalSection(SolutionConfigurationPlatforms) = preSolution
		Debug|Any CPU = Debug|Any CPU
		Release|Any CPU = Release|Any CPU
	EndGlobalSection
	GlobalSection(ProjectConfigurationPlatforms) = postSolution
		{EE1C6EF6-E8EF-4CF5-8423-7F08D4E16D4A}.Debug|Any CPU.ActiveCfg = Debug|Any CPU
		{EE1C6EF6-E8EF-4CF5-8423-7F08D4E16D4A}.Debug|Any CPU.Build.0 = Debug|Any CPU
		{EE1C6EF6-E8EF-4CF5-8423-7F08D4E16D4A}.Release|Any CPU.ActiveCfg = Release|Any CPU
		{EE1C6EF6-E8EF-4CF5-8423-7F08D4E16D4A}.Release|Any CPU.Build.0 = Release|Any CPU
	EndGlobalSection
	GlobalSection(SolutionProperties) = preSolution
		HideSolutionNode = FALSE
	EndGlobalSection
	GlobalSection(ExtensibilityGlobals) = postSolution
		SolutionGuid = {83129A46-4FF0-41F8-B881-7C293A4E046A}
	EndGlobalSection
EndGlobal
